
Microsoft Visual Studio Solution File, Format Version 12.00
# Visual Studio Version 16
VisualStudioVersion = 16.0.30523.141
MinimumVisualStudioVersion = 10.0.40219.1
Project("{FAE04EC0-301F-11D3-BF4B-00C04F79EFBC}") = "KubernetesDemo", "KubernetesDemo\KubernetesDemo.csproj", "{21486507-F261-4183-B934-FD6F1BAABE9E}"
EndProject
Global
	GlobalSection(SolutionConfigurationPlatforms) = preSolution
		Debug|Any CPU = Debug|Any CPU
		Release|Any CPU = Release|Any CPU
	EndGlobalSection
	GlobalSection(ProjectConfigurationPlatforms) = postSolution
		{21486507-F261-4183-B934-FD6F1BAABE9E}.Debug|Any CPU.ActiveCfg = Debug|Any CPU
		{21486507-F261-4183-B934-FD6F1BAABE9E}.Debug|Any CPU.Build.0 = Debug|Any CPU
		{21486507-F261-4183-B934-FD6F1BAABE9E}.Release|Any CPU.ActiveCfg = Release|Any CPU
		{21486507-F261-4183-B934-FD6F1BAABE9E}.Release|Any CPU.Build.0 = Release|Any CPU
	EndGlobalSection
	GlobalSection(SolutionProperties) = preSolution
		HideSolutionNode = FALSE
	EndGlobalSection
	GlobalSection(ExtensibilityGlobals) = postSolution
		SolutionGuid = {22E8E49E-7ACE-4DB5-B62A-4D78D385AA48}
	EndGlobalSection
EndGlobal
